# THIS IS AN AUTOGENERATED FILE. DO NOT EDIT THIS FILE DIRECTLY.
# yarn lockfile v1


ip-to-int@^0.3.1:
  version "0.3.1"
  resolved "https://registry.yarnpkg.com/ip-to-int/-/ip-to-int-0.3.1.tgz#4eb315c2d0e604010047515db499e38b1fb3ef40"

lodash.filter@^4.6.0:
  version "4.6.0"
  resolved "https://registry.yarnpkg.com/lodash.filter/-/lodash.filter-4.6.0.tgz#668b1d4981603ae1cc5a6fa760143e480b4c4ace"

lodash.random@^3.2.0:
  version "3.2.0"
  resolved "https://registry.yarnpkg.com/lodash.random/-/lodash.random-3.2.0.tgz#96e24e763333199130d2c9e2fd57f91703cc262d"

lodash.sample@^4.2.1:
  version "4.2.1"
  resolved "https://registry.yarnpkg.com/lodash.sample/-/lodash.sample-4.2.1.tgz#5e4291b0c753fa1abeb0aab8fb29df1b66f07f6d"
